
Microsoft Visual Studio Solution File, Format Version 12.00
# Visual Studio Version 16
VisualStudioVersion = 16.0.31605.320
MinimumVisualStudioVersion = 10.0.40219.1
Project("{F184B08F-C81C-45F6-A57F-5ABD9991F28F}") = "bt1", "bt1\bt1.vbproj", "{D675831C-F55D-4AB0-881D-B37A441FDFDE}"
EndProject
Global
	GlobalSection(SolutionConfigurationPlatforms) = preSolution
		Debug|Any CPU = Debug|Any CPU
		Release|Any CPU = Release|Any CPU
	EndGlobalSection
	GlobalSection(ProjectConfigurationPlatforms) = postSolution
		{D675831C-F55D-4AB0-881D-B37A441FDFDE}.Debug|Any CPU.ActiveCfg = Debug|Any CPU
		{D675831C-F55D-4AB0-881D-B37A441FDFDE}.Debug|Any CPU.Build.0 = Debug|Any CPU
		{D675831C-F55D-4AB0-881D-B37A441FDFDE}.Release|Any CPU.ActiveCfg = Release|Any CPU
		{D675831C-F55D-4AB0-881D-B37A441FDFDE}.Release|Any CPU.Build.0 = Release|Any CPU
	EndGlobalSection
	GlobalSection(SolutionProperties) = preSolution
		HideSolutionNode = FALSE
	EndGlobalSection
	GlobalSection(ExtensibilityGlobals) = postSolution
		SolutionGuid = {103A53BB-8BB8-4B0D-951C-2FAAC01C5B9D}
	EndGlobalSection
EndGlobal
